
Microsoft Visual Studio Solution File, Format Version 12.00
# Visual Studio Version 16
VisualStudioVersion = 16.0.30011.22
MinimumVisualStudioVersion = 10.0.40219.1
Project("{8BC9CEB8-8B4A-11D0-8D11-00A0C91BC942}") = "MFCTestApp", "MFCTestApp.vcxproj", "{2D92D43E-27A8-4350-B0A0-8ABE1D055BB1}"
EndProject
Global
	GlobalSection(SolutionConfigurationPlatforms) = preSolution
		Debug|x64 = Debug|x64
		Debug|x86 = Debug|x86
		Release|x64 = Release|x64
		Release|x86 = Release|x86
	EndGlobalSection
	GlobalSection(ProjectConfigurationPlatforms) = postSolution
		{2D92D43E-27A8-4350-B0A0-8ABE1D055BB1}.Debug|x64.ActiveCfg = Debug|x64
		{2D92D43E-27A8-4350-B0A0-8ABE1D055BB1}.Debug|x64.Build.0 = Debug|x64
		{2D92D43E-27A8-4350-B0A0-8ABE1D055BB1}.Debug|x86.ActiveCfg = Debug|Win32
		{2D92D43E-27A8-4350-B0A0-8ABE1D055BB1}.Debug|x86.Build.0 = Debug|Win32
		{2D92D43E-27A8-4350-B0A0-8ABE1D055BB1}.Release|x64.ActiveCfg = Release|x64
		{2D92D43E-27A8-4350-B0A0-8ABE1D055BB1}.Release|x64.Build.0 = Release|x64
		{2D92D43E-27A8-4350-B0A0-8ABE1D055BB1}.Release|x86.ActiveCfg = Release|Win32
		{2D92D43E-27A8-4350-B0A0-8ABE1D055BB1}.Release|x86.Build.0 = Release|Win32
	EndGlobalSection
	GlobalSection(SolutionProperties) = preSolution
		HideSolutionNode = FALSE
	EndGlobalSection
	GlobalSection(ExtensibilityGlobals) = postSolution
		SolutionGuid = {6909DC02-7A64-47F7-90C7-E121D0C3DDC2}
	EndGlobalSection
EndGlobal
